// !$*UTF8*$!
{
	archiveVersion = 1;
	classes = {
	};
	objectVersion = 50;
	objects = {

/* Begin PBXBuildFile section */
		DEF2A58624D4491D009606F5 /* AppDelegate.swift in Sources */ = {isa = PBXBuildFile; fileRef = DEF2A58524D4491D009606F5 /* AppDelegate.swift */; };
		DEF2A58824D4491D009606F5 /* SceneDelegate.swift in Sources */ = {isa = PBXBuildFile; fileRef = DEF2A58724D4491D009606F5 /* SceneDelegate.swift */; };
		DEF2A58A24D4491D009606F5 /* ViewController.swift in Sources */ = {isa = PBXBuildFile; fileRef = DEF2A58924D4491D009606F5 /* ViewController.swift */; };
		DEF2A58D24D4491D009606F5 /* Main.storyboard in Resources */ = {isa = PBXBuildFile; fileRef = DEF2A58B24D4491D009606F5 /* Main.storyboard */; };
		DEF2A58F24D44925009606F5 /* Assets.xcassets in Resources */ = {isa = PBXBuildFile; fileRef = DEF2A58E24D44925009606F5 /* Assets.xcassets */; };
		DEF2A59224D44926009606F5 /* LaunchScreen.storyboard in Resources */ = {isa = PBXBuildFile; fileRef = DEF2A59024D44926009606F5 /* LaunchScreen.storyboard */; };
		DEF2A59E24D4540A009606F5 /* example.json in Resources */ = {isa = PBXBuildFile; fileRef = DEF2A59D24D4540A009606F5 /* example.json */; };
/* End PBXBuildFile section */

/* Begin PBXFileReference section */
		DEF2A58224D4491D009606F5 /* Parsing Json.app */ = {isa = PBXFileReference; explicitFileType = wrapper.application; includeInIndex = 0; path = "Parsing Json.app"; sourceTree = BUILT_PRODUCTS_DIR; };
		DEF2A58524D4491D009606F5 /* AppDelegate.swift */ = {isa = PBXFileReference; lastKnownFileType = sourcecode.swift; path = AppDelegate.swift; sourceTree = "<group>"; };
		DEF2A58724D4491D009606F5 /* SceneDelegate.swift */ = {isa = PBXFileReference; lastKnownFileType = sourcecode.swift; path = SceneDelegate.swift; sourceTree = "<group>"; };
		DEF2A58924D4491D009606F5 /* ViewController.swift */ = {isa = PBXFileReference; lastKnownFileType = sourcecode.swift; path = ViewController.swift; sourceTree = "<group>"; };
		DEF2A58C24D4491D009606F5 /* Base */ = {isa = PBXFileReference; lastKnownFileType = file.storyboard; name = Base; path = Base.lproj/Main.storyboard; sourceTree = "<group>"; };
		DEF2A58E24D44925009606F5 /* Assets.xcassets */ = {isa = PBXFileReference; lastKnownFileType = folder.assetcatalog; path = Assets.xcassets; sourceTree = "<group>"; };
		DEF2A59124D44926009606F5 /* Base */ = {isa = PBXFileReference; lastKnownFileType = file.storyboard; name = Base; path = Base.lproj/LaunchScreen.storyboard; sourceTree = "<group>"; };
		DEF2A59324D44926009606F5 /* Info.plist */ = {isa = PBXFileReference; lastKnownFileType = text.plist.xml; path = Info.plist; sourceTree = "<group>"; };
		DEF2A59D24D4540A009606F5 /* example.json */ = {isa = PBXFileReference; fileEncoding = 4; lastKnownFileType = text.json; path = example.json; sourceTree = "<group>"; };
/* End PBXFileReference section */

/* Begin PBXFrameworksBuildPhase section */
		DEF2A57F24D4491C009606F5 /* Frameworks */ = {
			isa = PBXFrameworksBuildPhase;
			buildActionMask = 2147483647;
			files = (
			);
			runOnlyForDeploymentPostprocessing = 0;
		};
/* End PBXFrameworksBuildPhase section */

/* Begin PBXGroup section */
		DEF2A57924D4491C009606F5 = {
			isa = PBXGroup;
			children = (
				DEF2A58424D4491D009606F5 /* Parsing Json */,
				DEF2A58324D4491D009606F5 /* Products */,
			);
			sourceTree = "<group>";
		};
		DEF2A58324D4491D009606F5 /* Products */ = {
			isa = PBXGroup;
			children = (
				DEF2A58224D4491D009606F5 /* Parsing Json.app */,
			);
			name = Products;
			sourceTree = "<group>";
		};
		DEF2A58424D4491D009606F5 /* Parsing Json */ = {
			isa = PBXGroup;
			children = (
				DEF2A59D24D4540A009606F5 /* example.json */,
				DEF2A58524D4491D009606F5 /* AppDelegate.swift */,
				DEF2A58724D4491D009606F5 /* SceneDelegate.swift */,
				DEF2A58924D4491D009606F5 /* ViewController.swift */,
				DEF2A58B24D4491D009606F5 /* Main.storyboard */,
				DEF2A58E24D44925009606F5 /* Assets.xcassets */,
				DEF2A59024D44926009606F5 /* LaunchScreen.storyboard */,
				DEF2A59324D44926009606F5 /* Info.plist */,
			);
			path = "Parsing Json";
			sourceTree = "<group>";
		};
/* End PBXGroup section */

/* Begin PBXNativeTarget section */
		DEF2A58124D4491C009606F5 /* Parsing Json */ = {
			isa = PBXNativeTarget;
			buildConfigurationList = DEF2A59624D44926009606F5 /* Build configuration list for PBXNativeTarget "Parsing Json" */;
			buildPhases = (
				DEF2A57E24D4491C009606F5 /* Sources */,
				DEF2A57F24D4491C009606F5 /* Frameworks */,
				DEF2A58024D4491C009606F5 /* Resources */,
			);
			buildRules = (
			);
			dependencies = (
			);
			name = "Parsing Json";
			productName = "Parsing Json";
			productReference = DEF2A58224D4491D009606F5 /* Parsing Json.app */;
			productType = "com.apple.product-type.application";
		};
/* End PBXNativeTarget section */

/* Begin PBXProject section */
		DEF2A57A24D4491C009606F5 /* Project object */ = {
			isa = PBXProject;
			attributes = {
				LastSwiftUpdateCheck = 1110;
				LastUpgradeCheck = 1110;
				ORGANIZATIONNAME = "Adwait Barkale";
				TargetAttributes = {
					DEF2A58124D4491C009606F5 = {
						CreatedOnToolsVersion = 11.1;
					};
				};
			};
			buildConfigurationList = DEF2A57D24D4491C009606F5 /* Build configuration list for PBXProject "Parsing Json" */;
			compatibilityVersion = "Xcode 9.3";
			developmentRegion = en;
			hasScannedForEncodings = 0;
			knownRegions = (
				en,
				Base,
			);
			mainGroup = DEF2A57924D4491C009606F5;
			productRefGroup = DEF2A58324D4491D009606F5 /* Products */;
			projectDirPath = "";
			projectRoot = "";
			targets = (
				DEF2A58124D4491C009606F5 /* Parsing Json */,
			);
		};
/* End PBXProject section */

/* Begin PBXResourcesBuildPhase section */
		DEF2A58024D4491C009606F5 /* Resources */ = {
			isa = PBXResourcesBuildPhase;
			buildActionMask = 2147483647;
			files = (
				DEF2A59E24D4540A009606F5 /* example.json in Resources */,
				DEF2A59224D44926009606F5 /* LaunchScreen.storyboard in Resources */,
				DEF2A58F24D44925009606F5 /* Assets.xcassets in Resources */,
				DEF2A58D24D4491D009606F5 /* Main.storyboard in Resources */,
			);
			runOnlyForDeploymentPostprocessing = 0;
		};
/* End PBXResourcesBuildPhase section */

/* Begin PBXSourcesBuildPhase section */
		DEF2A57E24D4491C009606F5 /* Sources */ = {
			isa = PBXSourcesBuildPhase;
			buildActionMask = 2147483647;
			files = (
				DEF2A58A24D4491D009606F5 /* ViewController.swift in Sources */,
				DEF2A58624D4491D009606F5 /* AppDelegate.swift in Sources */,
				DEF2A58824D4491D009606F5 /* SceneDelegate.swift in Sources */,
			);
			runOnlyForDeploymentPostprocessing = 0;
		};
/* End PBXSourcesBuildPhase section */

/* Begin PBXVariantGroup section */
		DEF2A58B24D4491D009606F5 /* Main.storyboard */ = {
			isa = PBXVariantGroup;
			children = (
				DEF2A58C24D4491D009606F5 /* Base */,
			);
			name = Main.storyboard;
			sourceTree = "<group>";
		};
		DEF2A59024D44926009606F5 /* LaunchScreen.storyboard */ = {
			isa = PBXVariantGroup;
			children = (
				DEF2A59124D44926009606F5 /* Base */,
			);
			name = LaunchScreen.storyboard;
			sourceTree = "<group>";
		};
/* End PBXVariantGroup section */

/* Begin XCBuildConfiguration section */
		DEF2A59424D44926009606F5 /* Debug */ = {
			isa = XCBuildConfiguration;
			buildSettings = {
				ALWAYS_SEARCH_USER_PATHS = NO;
				CLANG_ANALYZER_NONNULL = YES;
				CLANG_ANALYZER_NUMBER_OBJECT_CONVERSION = YES_AGGRESSIVE;
				CLANG_CXX_LANGUAGE_STANDARD = "gnu++14";
				CLANG_CXX_LIBRARY = "libc++";
				CLANG_ENABLE_MODULES = YES;
				CLANG_ENABLE_OBJC_ARC = YES;
				CLANG_ENABLE_OBJC_WEAK = YES;
				CLANG_WARN_BLOCK_CAPTURE_AUTORELEASING = YES;
				CLANG_WARN_BOOL_CONVERSION = YES;
				CLANG_WARN_COMMA = YES;
				CLANG_WARN_CONSTANT_CONVERSION = YES;
				CLANG_WARN_DEPRECATED_OBJC_IMPLEMENTATIONS = YES;
				CLANG_WARN_DIRECT_OBJC_ISA_USAGE = YES_ERROR;
				CLANG_WARN_DOCUMENTATION_COMMENTS = YES;
				CLANG_WARN_EMPTY_BODY = YES;
				CLANG_WARN_ENUM_CONVERSION = YES;
				CLANG_WARN_INFINITE_RECURSION = YES;
				CLANG_WARN_INT_CONVERSION = YES;
				CLANG_WARN_NON_LITERAL_NULL_CONVERSION = YES;
				CLANG_WARN_OBJC_IMPLICIT_RETAIN_SELF = YES;
				CLANG_WARN_OBJC_LITERAL_CONVERSION = YES;
				CLANG_WARN_OBJC_ROOT_CLASS = YES_ERROR;
				CLANG_WARN_RANGE_LOOP_ANALYSIS = YES;
				CLANG_WARN_STRICT_PROTOTYPES = YES;
				CLANG_WARN_SUSPICIOUS_MOVE = YES;
				CLANG_WARN_UNGUARDED_AVAILABILITY = YES_AGGRESSIVE;
				CLANG_WARN_UNREACHABLE_CODE = YES;
				CLANG_WARN__DUPLICATE_METHOD_MATCH = YES;
				COPY_PHASE_STRIP = NO;
				DEBUG_INFORMATION_FORMAT = dwarf;
				ENABLE_STRICT_OBJC_MSGSEND = YES;
				ENABLE_TESTABILITY = YES;
				GCC_C_LANGUAGE_STANDARD = gnu11;
				GCC_DYNAMIC_NO_PIC = NO;
				GCC_NO_COMMON_BLOCKS = YES;
				GCC_OPTIMIZATION_LEVEL = 0;
				GCC_PREPROCESSOR_DEFINITIONS = (
					"DEBUG=1",
					"$(inherited)",
				);
				GCC_WARN_64_TO_32_BIT_CONVERSION = YES;
				GCC_WARN_ABOUT_RETURN_TYPE = YES_ERROR;
				GCC_WARN_UNDECLARED_SELECTOR = YES;
				GCC_WARN_UNINITIALIZED_AUTOS = YES_AGGRESSIVE;
				GCC_WARN_UNUSED_FUNCTION = YES;
				GCC_WARN_UNUSED_VARIABLE = YES;
				IPHONEOS_DEPLOYMENT_TARGET = 13.1;
				MTL_ENABLE_DEBUG_INFO = INCLUDE_SOURCE;
				MTL_FAST_MATH = YES;
				ONLY_ACTIVE_ARCH = YES;
				SDKROOT = iphoneos;
				SWIFT_ACTIVE_COMPILATION_CONDITIONS = DEBUG;
				SWIFT_OPTIMIZATION_LEVEL = "-Onone";
			};
			name = Debug;
		};
		DEF2A59524D44926009606F5 /* Release */ = {
			isa = XCBuildConfiguration;
			buildSettings = {
				ALWAYS_SEARCH_USER_PATHS = NO;
				CLANG_ANALYZER_NONNULL = YES;
				CLANG_ANALYZER_NUMBER_OBJECT_CONVERSION = YES_AGGRESSIVE;
				CLANG_CXX_LANGUAGE_STANDARD = "gnu++14";
				CLANG_CXX_LIBRARY = "libc++";
				CLANG_ENABLE_MODULES = YES;
				CLANG_ENABLE_OBJC_ARC = YES;
				CLANG_ENABLE_OBJC_WEAK = YES;
				CLANG_WARN_BLOCK_CAPTURE_AUTORELEASING = YES;
				CLANG_WARN_BOOL_CONVERSION = YES;
				CLANG_WARN_COMMA = YES;
				CLANG_WARN_CONSTANT_CONVERSION = YES;
				CLANG_WARN_DEPRECATED_OBJC_IMPLEMENTATIONS = YES;
				CLANG_WARN_DIRECT_OBJC_ISA_USAGE = YES_ERROR;
				CLANG_WARN_DOCUMENTATION_COMMENTS = YES;
				CLANG_WARN_EMPTY_BODY = YES;
				CLANG_WARN_ENUM_CONVERSION = YES;
				CLANG_WARN_INFINITE_RECURSION = YES;
				CLANG_WARN_INT_CONVERSION = YES;
				CLANG_WARN_NON_LITERAL_NULL_CONVERSION = YES;
				CLANG_WARN_OBJC_IMPLICIT_RETAIN_SELF = YES;
				CLANG_WARN_OBJC_LITERAL_CONVERSION = YES;
				CLANG_WARN_OBJC_ROOT_CLASS = YES_ERROR;
				CLANG_WARN_RANGE_LOOP_ANALYSIS = YES;
				CLANG_WARN_STRICT_PROTOTYPES = YES;
				CLANG_WARN_SUSPICIOUS_MOVE = YES;
				CLANG_WARN_UNGUARDED_AVAILABILITY = YES_AGGRESSIVE;
				CLANG_WARN_UNREACHABLE_CODE = YES;
				CLANG_WARN__DUPLICATE_METHOD_MATCH = YES;
				COPY_PHASE_STRIP = NO;
				DEBUG_INFORMATION_FORMAT = "dwarf-with-dsym";
				ENABLE_NS_ASSERTIONS = NO;
				ENABLE_STRICT_OBJC_MSGSEND = YES;
				GCC_C_LANGUAGE_STANDARD = gnu11;
				GCC_NO_COMMON_BLOCKS = YES;
				GCC_WARN_64_TO_32_BIT_CONVERSION = YES;
				GCC_WARN_ABOUT_RETURN_TYPE = YES_ERROR;
				GCC_WARN_UNDECLARED_SELECTOR = YES;
				GCC_WARN_UNINITIALIZED_AUTOS = YES_AGGRESSIVE;
				GCC_WARN_UNUSED_FUNCTION = YES;
				GCC_WARN_UNUSED_VARIABLE = YES;
				IPHONEOS_DEPLOYMENT_TARGET = 13.1;
				MTL_ENABLE_DEBUG_INFO = NO;
				MTL_FAST_MATH = YES;
				SDKROOT = iphoneos;
				SWIFT_COMPILATION_MODE = wholemodule;
				SWIFT_OPTIMIZATION_LEVEL = "-O";
				VALIDATE_PRODUCT = YES;
			};
			name = Release;
		};
		DEF2A59724D44926009606F5 /* Debug */ = {
			isa = XCBuildConfiguration;
			buildSettings = {
				ASSETCATALOG_COMPILER_APPICON_NAME = AppIcon;
				CODE_SIGN_STYLE = Automatic;
				DEVELOPMENT_TEAM = S59B8CL687;
				INFOPLIST_FILE = "Parsing Json/Info.plist";
				LD_RUNPATH_SEARCH_PATHS = (
					"$(inherited)",
					"@executable_path/Frameworks",
				);
				PRODUCT_BUNDLE_IDENTIFIER = "com.Adwait.Parsing-Json";
				PRODUCT_NAME = "$(TARGET_NAME)";
				SWIFT_VERSION = 5.0;
				TARGETED_DEVICE_FAMILY = "1,2";
			};
			name = Debug;
		};
		DEF2A59824D44926009606F5 /* Release */ = {
			isa = XCBuildConfiguration;
			buildSettings = {
				ASSETCATALOG_COMPILER_APPICON_NAME = AppIcon;
				CODE_SIGN_STYLE = Automatic;
				DEVELOPMENT_TEAM = S59B8CL687;
				INFOPLIST_FILE = "Parsing Json/Info.plist";
				LD_RUNPATH_SEARCH_PATHS = (
					"$(inherited)",
					"@executable_path/Frameworks",
				);
				PRODUCT_BUNDLE_IDENTIFIER = "com.Adwait.Parsing-Json";
				PRODUCT_NAME = "$(TARGET_NAME)";
				SWIFT_VERSION = 5.0;
				TARGETED_DEVICE_FAMILY = "1,2";
			};
			name = Release;
		};
/* End XCBuildConfiguration section */

/* Begin XCConfigurationList section */
		DEF2A57D24D4491C009606F5 /* Build configuration list for PBXProject "Parsing Json" */ = {
			isa = XCConfigurationList;
			buildConfigurations = (
				DEF2A59424D44926009606F5 /* Debug */,
				DEF2A59524D44926009606F5 /* Release */,
			);
			defaultConfigurationIsVisible = 0;
			defaultConfigurationName = Release;
		};
		DEF2A59624D44926009606F5 /* Build configuration list for PBXNativeTarget "Parsing Json" */ = {
			isa = XCConfigurationList;
			buildConfigurations = (
				DEF2A59724D44926009606F5 /* Debug */,
				DEF2A59824D44926009606F5 /* Release */,
			);
			defaultConfigurationIsVisible = 0;
			defaultConfigurationName = Release;
		};
/* End XCConfigurationList section */
	};
	rootObject = DEF2A57A24D4491C009606F5 /* Project object */;
}
